
Microsoft Visual Studio Solution File, Format Version 12.00
# Visual Studio 15
VisualStudioVersion = 15.0.26430.13
MinimumVisualStudioVersion = 10.0.40219.1
Project("{2150E333-8FDC-42A3-9474-1A3956D46DE8}") = "src", "src", "{7753B85B-B555-4CEA-9A8D-7D892857B456}"
EndProject
Project("{2150E333-8FDC-42A3-9474-1A3956D46DE8}") = "Solution Items", "Solution Items", "{6AD17906-F6B7-4F0B-9E57-65A41CF3FEC1}"
EndProject
Project("{9A19103F-16F7-4668-BE54-9A1E7A4F7556}") = "TuduApi", "src\TuduApi\TuduApi.csproj", "{7EC17389-6C50-4D71-B524-E0E36A1DCD01}"
EndProject
Global
	GlobalSection(SolutionConfigurationPlatforms) = preSolution
		Debug|Any CPU = Debug|Any CPU
		Release|Any CPU = Release|Any CPU
	EndGlobalSection
	GlobalSection(ProjectConfigurationPlatforms) = postSolution
		{7EC17389-6C50-4D71-B524-E0E36A1DCD01}.Debug|Any CPU.ActiveCfg = Debug|Any CPU
		{7EC17389-6C50-4D71-B524-E0E36A1DCD01}.Debug|Any CPU.Build.0 = Debug|Any CPU
		{7EC17389-6C50-4D71-B524-E0E36A1DCD01}.Release|Any CPU.ActiveCfg = Release|Any CPU
		{7EC17389-6C50-4D71-B524-E0E36A1DCD01}.Release|Any CPU.Build.0 = Release|Any CPU
	EndGlobalSection
	GlobalSection(SolutionProperties) = preSolution
		HideSolutionNode = FALSE
	EndGlobalSection
	GlobalSection(NestedProjects) = preSolution
		{7EC17389-6C50-4D71-B524-E0E36A1DCD01} = {7753B85B-B555-4CEA-9A8D-7D892857B456}
	EndGlobalSection
EndGlobal
